
Microsoft Visual Studio Solution File, Format Version 12.00
# Visual Studio Version 17
VisualStudioVersion = 17.4.33122.133
MinimumVisualStudioVersion = 10.0.40219.1
Project("{FAE04EC0-301F-11D3-BF4B-00C04F79EFBC}") = "JMMerloModelado", "JMMerloModelado.csproj", "{2FFEDB4E-EF8D-4B56-9FD4-DF203D060C65}"
EndProject
Global
	GlobalSection(SolutionConfigurationPlatforms) = preSolution
		Debug|Any CPU = Debug|Any CPU
		Release|Any CPU = Release|Any CPU
	EndGlobalSection
	GlobalSection(ProjectConfigurationPlatforms) = postSolution
		{2FFEDB4E-EF8D-4B56-9FD4-DF203D060C65}.Debug|Any CPU.ActiveCfg = Debug|Any CPU
		{2FFEDB4E-EF8D-4B56-9FD4-DF203D060C65}.Debug|Any CPU.Build.0 = Debug|Any CPU
		{2FFEDB4E-EF8D-4B56-9FD4-DF203D060C65}.Release|Any CPU.ActiveCfg = Release|Any CPU
		{2FFEDB4E-EF8D-4B56-9FD4-DF203D060C65}.Release|Any CPU.Build.0 = Release|Any CPU
	EndGlobalSection
	GlobalSection(SolutionProperties) = preSolution
		HideSolutionNode = FALSE
	EndGlobalSection
	GlobalSection(ExtensibilityGlobals) = postSolution
		SolutionGuid = {262FB52E-C320-4218-B2F9-3501FCD5C037}
	EndGlobalSection
EndGlobal
